// !$*UTF8*$!
{
	archiveVersion = 1;
	classes = {
	};
	objectVersion = 50;
	objects = {

/* Begin PBXBuildFile section */
		14A43F6E24061B170043F817 /* AppDelegate.swift in Sources */ = {isa = PBXBuildFile; fileRef = 14A43F6D24061B170043F817 /* AppDelegate.swift */; };
		14A43F7024061B170043F817 /* SceneDelegate.swift in Sources */ = {isa = PBXBuildFile; fileRef = 14A43F6F24061B170043F817 /* SceneDelegate.swift */; };
		14A43F7224061B170043F817 /* ViewController.swift in Sources */ = {isa = PBXBuildFile; fileRef = 14A43F7124061B170043F817 /* ViewController.swift */; };
		14A43F7524061B170043F817 /* Main.storyboard in Resources */ = {isa = PBXBuildFile; fileRef = 14A43F7324061B170043F817 /* Main.storyboard */; };
		14A43F7724061B180043F817 /* Assets.xcassets in Resources */ = {isa = PBXBuildFile; fileRef = 14A43F7624061B180043F817 /* Assets.xcassets */; };
		14A43F7A24061B180043F817 /* LaunchScreen.storyboard in Resources */ = {isa = PBXBuildFile; fileRef = 14A43F7824061B180043F817 /* LaunchScreen.storyboard */; };
		14A43F8524061B190043F817 /* TestTests.swift in Sources */ = {isa = PBXBuildFile; fileRef = 14A43F8424061B190043F817 /* TestTests.swift */; };
		14A43F9024061B190043F817 /* TestUITests.swift in Sources */ = {isa = PBXBuildFile; fileRef = 14A43F8F24061B190043F817 /* TestUITests.swift */; };
/* End PBXBuildFile section */

/* Begin PBXContainerItemProxy section */
		14A43F8124061B190043F817 /* PBXContainerItemProxy */ = {
			isa = PBXContainerItemProxy;
			containerPortal = 14A43F6224061B170043F817 /* Project object */;
			proxyType = 1;
			remoteGlobalIDString = 14A43F6924061B170043F817;
			remoteInfo = Test;
		};
		14A43F8C24061B190043F817 /* PBXContainerItemProxy */ = {
			isa = PBXContainerItemProxy;
			containerPortal = 14A43F6224061B170043F817 /* Project object */;
			proxyType = 1;
			remoteGlobalIDString = 14A43F6924061B170043F817;
			remoteInfo = Test;
		};
/* End PBXContainerItemProxy section */

/* Begin PBXFileReference section */
		14A43F6A24061B170043F817 /* Test.app */ = {isa = PBXFileReference; explicitFileType = wrapper.application; includeInIndex = 0; path = Test.app; sourceTree = BUILT_PRODUCTS_DIR; };
		14A43F6D24061B170043F817 /* AppDelegate.swift */ = {isa = PBXFileReference; lastKnownFileType = sourcecode.swift; path = AppDelegate.swift; sourceTree = "<group>"; };
		14A43F6F24061B170043F817 /* SceneDelegate.swift */ = {isa = PBXFileReference; lastKnownFileType = sourcecode.swift; path = SceneDelegate.swift; sourceTree = "<group>"; };
		14A43F7124061B170043F817 /* ViewController.swift */ = {isa = PBXFileReference; lastKnownFileType = sourcecode.swift; path = ViewController.swift; sourceTree = "<group>"; };
		14A43F7424061B170043F817 /* Base */ = {isa = PBXFileReference; lastKnownFileType = file.storyboard; name = Base; path = Base.lproj/Main.storyboard; sourceTree = "<group>"; };
		14A43F7624061B180043F817 /* Assets.xcassets */ = {isa = PBXFileReference; lastKnownFileType = folder.assetcatalog; path = Assets.xcassets; sourceTree = "<group>"; };
		14A43F7924061B180043F817 /* Base */ = {isa = PBXFileReference; lastKnownFileType = file.storyboard; name = Base; path = Base.lproj/LaunchScreen.storyboard; sourceTree = "<group>"; };
		14A43F7B24061B180043F817 /* Info.plist */ = {isa = PBXFileReference; lastKnownFileType = text.plist.xml; path = Info.plist; sourceTree = "<group>"; };
		14A43F8024061B190043F817 /* TestTests.xctest */ = {isa = PBXFileReference; explicitFileType = wrapper.cfbundle; includeInIndex = 0; path = TestTests.xctest; sourceTree = BUILT_PRODUCTS_DIR; };
		14A43F8424061B190043F817 /* TestTests.swift */ = {isa = PBXFileReference; lastKnownFileType = sourcecode.swift; path = TestTests.swift; sourceTree = "<group>"; };
		14A43F8624061B190043F817 /* Info.plist */ = {isa = PBXFileReference; lastKnownFileType = text.plist.xml; path = Info.plist; sourceTree = "<group>"; };
		14A43F8B24061B190043F817 /* TestUITests.xctest */ = {isa = PBXFileReference; explicitFileType = wrapper.cfbundle; includeInIndex = 0; path = TestUITests.xctest; sourceTree = BUILT_PRODUCTS_DIR; };
		14A43F8F24061B190043F817 /* TestUITests.swift */ = {isa = PBXFileReference; lastKnownFileType = sourcecode.swift; path = TestUITests.swift; sourceTree = "<group>"; };
		14A43F9124061B190043F817 /* Info.plist */ = {isa = PBXFileReference; lastKnownFileType = text.plist.xml; path = Info.plist; sourceTree = "<group>"; };
/* End PBXFileReference section */

/* Begin PBXFrameworksBuildPhase section */
		14A43F6724061B170043F817 /* Frameworks */ = {
			isa = PBXFrameworksBuildPhase;
			buildActionMask = 2147483647;
			files = (
			);
			runOnlyForDeploymentPostprocessing = 0;
		};
		14A43F7D24061B190043F817 /* Frameworks */ = {
			isa = PBXFrameworksBuildPhase;
			buildActionMask = 2147483647;
			files = (
			);
			runOnlyForDeploymentPostprocessing = 0;
		};
		14A43F8824061B190043F817 /* Frameworks */ = {
			isa = PBXFrameworksBuildPhase;
			buildActionMask = 2147483647;
			files = (
			);
			runOnlyForDeploymentPostprocessing = 0;
		};
/* End PBXFrameworksBuildPhase section */

/* Begin PBXGroup section */
		14A43F6124061B170043F817 = {
			isa = PBXGroup;
			children = (
				14A43F6C24061B170043F817 /* Test */,
				14A43F8324061B190043F817 /* TestTests */,
				14A43F8E24061B190043F817 /* TestUITests */,
				14A43F6B24061B170043F817 /* Products */,
			);
			sourceTree = "<group>";
		};
		14A43F6B24061B170043F817 /* Products */ = {
			isa = PBXGroup;
			children = (
				14A43F6A24061B170043F817 /* Test.app */,
				14A43F8024061B190043F817 /* TestTests.xctest */,
				14A43F8B24061B190043F817 /* TestUITests.xctest */,
			);
			name = Products;
			sourceTree = "<group>";
		};
		14A43F6C24061B170043F817 /* Test */ = {
			isa = PBXGroup;
			children = (
				14A43F6D24061B170043F817 /* AppDelegate.swift */,
				14A43F6F24061B170043F817 /* SceneDelegate.swift */,
				14A43F7124061B170043F817 /* ViewController.swift */,
				14A43F7324061B170043F817 /* Main.storyboard */,
				14A43F7624061B180043F817 /* Assets.xcassets */,
				14A43F7824061B180043F817 /* LaunchScreen.storyboard */,
				14A43F7B24061B180043F817 /* Info.plist */,
			);
			path = Test;
			sourceTree = "<group>";
		};
		14A43F8324061B190043F817 /* TestTests */ = {
			isa = PBXGroup;
			children = (
				14A43F8424061B190043F817 /* TestTests.swift */,
				14A43F8624061B190043F817 /* Info.plist */,
			);
			path = TestTests;
			sourceTree = "<group>";
		};
		14A43F8E24061B190043F817 /* TestUITests */ = {
			isa = PBXGroup;
			children = (
				14A43F8F24061B190043F817 /* TestUITests.swift */,
				14A43F9124061B190043F817 /* Info.plist */,
			);
			path = TestUITests;
			sourceTree = "<group>";
		};
/* End PBXGroup section */

/* Begin PBXNativeTarget section */
		14A43F6924061B170043F817 /* Test */ = {
			isa = PBXNativeTarget;
			buildConfigurationList = 14A43F9424061B190043F817 /* Build configuration list for PBXNativeTarget "Test" */;
			buildPhases = (
				14A43F6624061B170043F817 /* Sources */,
				14A43F6724061B170043F817 /* Frameworks */,
				14A43F6824061B170043F817 /* Resources */,
			);
			buildRules = (
			);
			dependencies = (
			);
			name = Test;
			productName = Test;
			productReference = 14A43F6A24061B170043F817 /* Test.app */;
			productType = "com.apple.product-type.application";
		};
		14A43F7F24061B190043F817 /* TestTests */ = {
			isa = PBXNativeTarget;
			buildConfigurationList = 14A43F9724061B190043F817 /* Build configuration list for PBXNativeTarget "TestTests" */;
			buildPhases = (
				14A43F7C24061B190043F817 /* Sources */,
				14A43F7D24061B190043F817 /* Frameworks */,
				14A43F7E24061B190043F817 /* Resources */,
			);
			buildRules = (
			);
			dependencies = (
				14A43F8224061B190043F817 /* PBXTargetDependency */,
			);
			name = TestTests;
			productName = TestTests;
			productReference = 14A43F8024061B190043F817 /* TestTests.xctest */;
			productType = "com.apple.product-type.bundle.unit-test";
		};
		14A43F8A24061B190043F817 /* TestUITests */ = {
			isa = PBXNativeTarget;
			buildConfigurationList = 14A43F9A24061B190043F817 /* Build configuration list for PBXNativeTarget "TestUITests" */;
			buildPhases = (
				14A43F8724061B190043F817 /* Sources */,
				14A43F8824061B190043F817 /* Frameworks */,
				14A43F8924061B190043F817 /* Resources */,
			);
			buildRules = (
			);
			dependencies = (
				14A43F8D24061B190043F817 /* PBXTargetDependency */,
			);
			name = TestUITests;
			productName = TestUITests;
			productReference = 14A43F8B24061B190043F817 /* TestUITests.xctest */;
			productType = "com.apple.product-type.bundle.ui-testing";
		};
/* End PBXNativeTarget section */

/* Begin PBXProject section */
		14A43F6224061B170043F817 /* Project object */ = {
			isa = PBXProject;
			attributes = {
				LastSwiftUpdateCheck = 1130;
				LastUpgradeCheck = 1130;
				ORGANIZATIONNAME = "Jonathan Ninan";
				TargetAttributes = {
					14A43F6924061B170043F817 = {
						CreatedOnToolsVersion = 11.3.1;
					};
					14A43F7F24061B190043F817 = {
						CreatedOnToolsVersion = 11.3.1;
						TestTargetID = 14A43F6924061B170043F817;
					};
					14A43F8A24061B190043F817 = {
						CreatedOnToolsVersion = 11.3.1;
						TestTargetID = 14A43F6924061B170043F817;
					};
				};
			};
			buildConfigurationList = 14A43F6524061B170043F817 /* Build configuration list for PBXProject "Test" */;
			compatibilityVersion = "Xcode 9.3";
			developmentRegion = en;
			hasScannedForEncodings = 0;
			knownRegions = (
				en,
				Base,
			);
			mainGroup = 14A43F6124061B170043F817;
			productRefGroup = 14A43F6B24061B170043F817 /* Products */;
			projectDirPath = "";
			projectRoot = "";
			targets = (
				14A43F6924061B170043F817 /* Test */,
				14A43F7F24061B190043F817 /* TestTests */,
				14A43F8A24061B190043F817 /* TestUITests */,
			);
		};
/* End PBXProject section */

/* Begin PBXResourcesBuildPhase section */
		14A43F6824061B170043F817 /* Resources */ = {
			isa = PBXResourcesBuildPhase;
			buildActionMask = 2147483647;
			files = (
				14A43F7A24061B180043F817 /* LaunchScreen.storyboard in Resources */,
				14A43F7724061B180043F817 /* Assets.xcassets in Resources */,
				14A43F7524061B170043F817 /* Main.storyboard in Resources */,
			);
			runOnlyForDeploymentPostprocessing = 0;
		};
		14A43F7E24061B190043F817 /* Resources */ = {
			isa = PBXResourcesBuildPhase;
			buildActionMask = 2147483647;
			files = (
			);
			runOnlyForDeploymentPostprocessing = 0;
		};
		14A43F8924061B190043F817 /* Resources */ = {
			isa = PBXResourcesBuildPhase;
			buildActionMask = 2147483647;
			files = (
			);
			runOnlyForDeploymentPostprocessing = 0;
		};
/* End PBXResourcesBuildPhase section */

/* Begin PBXSourcesBuildPhase section */
		14A43F6624061B170043F817 /* Sources */ = {
			isa = PBXSourcesBuildPhase;
			buildActionMask = 2147483647;
			files = (
				14A43F7224061B170043F817 /* ViewController.swift in Sources */,
				14A43F6E24061B170043F817 /* AppDelegate.swift in Sources */,
				14A43F7024061B170043F817 /* SceneDelegate.swift in Sources */,
			);
			runOnlyForDeploymentPostprocessing = 0;
		};
		14A43F7C24061B190043F817 /* Sources */ = {
			isa = PBXSourcesBuildPhase;
			buildActionMask = 2147483647;
			files = (
				14A43F8524061B190043F817 /* TestTests.swift in Sources */,
			);
			runOnlyForDeploymentPostprocessing = 0;
		};
		14A43F8724061B190043F817 /* Sources */ = {
			isa = PBXSourcesBuildPhase;
			buildActionMask = 2147483647;
			files = (
				14A43F9024061B190043F817 /* TestUITests.swift in Sources */,
			);
			runOnlyForDeploymentPostprocessing = 0;
		};
/* End PBXSourcesBuildPhase section */

/* Begin PBXTargetDependency section */
		14A43F8224061B190043F817 /* PBXTargetDependency */ = {
			isa = PBXTargetDependency;
			target = 14A43F6924061B170043F817 /* Test */;
			targetProxy = 14A43F8124061B190043F817 /* PBXContainerItemProxy */;
		};
		14A43F8D24061B190043F817 /* PBXTargetDependency */ = {
			isa = PBXTargetDependency;
			target = 14A43F6924061B170043F817 /* Test */;
			targetProxy = 14A43F8C24061B190043F817 /* PBXContainerItemProxy */;
		};
/* End PBXTargetDependency section */

/* Begin PBXVariantGroup section */
		14A43F7324061B170043F817 /* Main.storyboard */ = {
			isa = PBXVariantGroup;
			children = (
				14A43F7424061B170043F817 /* Base */,
			);
			name = Main.storyboard;
			sourceTree = "<group>";
		};
		14A43F7824061B180043F817 /* LaunchScreen.storyboard */ = {
			isa = PBXVariantGroup;
			children = (
				14A43F7924061B180043F817 /* Base */,
			);
			name = LaunchScreen.storyboard;
			sourceTree = "<group>";
		};
/* End PBXVariantGroup section */

/* Begin XCBuildConfiguration section */
		14A43F9224061B190043F817 /* Debug */ = {
			isa = XCBuildConfiguration;
			buildSettings = {
				ALWAYS_SEARCH_USER_PATHS = NO;
				CLANG_ANALYZER_NONNULL = YES;
				CLANG_ANALYZER_NUMBER_OBJECT_CONVERSION = YES_AGGRESSIVE;
				CLANG_CXX_LANGUAGE_STANDARD = "gnu++14";
				CLANG_CXX_LIBRARY = "libc++";
				CLANG_ENABLE_MODULES = YES;
				CLANG_ENABLE_OBJC_ARC = YES;
				CLANG_ENABLE_OBJC_WEAK = YES;
				CLANG_WARN_BLOCK_CAPTURE_AUTORELEASING = YES;
				CLANG_WARN_BOOL_CONVERSION = YES;
				CLANG_WARN_COMMA = YES;
				CLANG_WARN_CONSTANT_CONVERSION = YES;
				CLANG_WARN_DEPRECATED_OBJC_IMPLEMENTATIONS = YES;
				CLANG_WARN_DIRECT_OBJC_ISA_USAGE = YES_ERROR;
				CLANG_WARN_DOCUMENTATION_COMMENTS = YES;
				CLANG_WARN_EMPTY_BODY = YES;
				CLANG_WARN_ENUM_CONVERSION = YES;
				CLANG_WARN_INFINITE_RECURSION = YES;
				CLANG_WARN_INT_CONVERSION = YES;
				CLANG_WARN_NON_LITERAL_NULL_CONVERSION = YES;
				CLANG_WARN_OBJC_IMPLICIT_RETAIN_SELF = YES;
				CLANG_WARN_OBJC_LITERAL_CONVERSION = YES;
				CLANG_WARN_OBJC_ROOT_CLASS = YES_ERROR;
				CLANG_WARN_RANGE_LOOP_ANALYSIS = YES;
				CLANG_WARN_STRICT_PROTOTYPES = YES;
				CLANG_WARN_SUSPICIOUS_MOVE = YES;
				CLANG_WARN_UNGUARDED_AVAILABILITY = YES_AGGRESSIVE;
				CLANG_WARN_UNREACHABLE_CODE = YES;
				CLANG_WARN__DUPLICATE_METHOD_MATCH = YES;
				COPY_PHASE_STRIP = NO;
				DEBUG_INFORMATION_FORMAT = dwarf;
				ENABLE_STRICT_OBJC_MSGSEND = YES;
				ENABLE_TESTABILITY = YES;
				GCC_C_LANGUAGE_STANDARD = gnu11;
				GCC_DYNAMIC_NO_PIC = NO;
				GCC_NO_COMMON_BLOCKS = YES;
				GCC_OPTIMIZATION_LEVEL = 0;
				GCC_PREPROCESSOR_DEFINITIONS = (
					"DEBUG=1",
					"$(inherited)",
				);
				GCC_WARN_64_TO_32_BIT_CONVERSION = YES;
				GCC_WARN_ABOUT_RETURN_TYPE = YES_ERROR;
				GCC_WARN_UNDECLARED_SELECTOR = YES;
				GCC_WARN_UNINITIALIZED_AUTOS = YES_AGGRESSIVE;
				GCC_WARN_UNUSED_FUNCTION = YES;
				GCC_WARN_UNUSED_VARIABLE = YES;
				IPHONEOS_DEPLOYMENT_TARGET = 13.2;
				MTL_ENABLE_DEBUG_INFO = INCLUDE_SOURCE;
				MTL_FAST_MATH = YES;
				ONLY_ACTIVE_ARCH = YES;
				SDKROOT = iphoneos;
				SWIFT_ACTIVE_COMPILATION_CONDITIONS = DEBUG;
				SWIFT_OPTIMIZATION_LEVEL = "-Onone";
			};
			name = Debug;
		};
		14A43F9324061B190043F817 /* Release */ = {
			isa = XCBuildConfiguration;
			buildSettings = {
				ALWAYS_SEARCH_USER_PATHS = NO;
				CLANG_ANALYZER_NONNULL = YES;
				CLANG_ANALYZER_NUMBER_OBJECT_CONVERSION = YES_AGGRESSIVE;
				CLANG_CXX_LANGUAGE_STANDARD = "gnu++14";
				CLANG_CXX_LIBRARY = "libc++";
				CLANG_ENABLE_MODULES = YES;
				CLANG_ENABLE_OBJC_ARC = YES;
				CLANG_ENABLE_OBJC_WEAK = YES;
				CLANG_WARN_BLOCK_CAPTURE_AUTORELEASING = YES;
				CLANG_WARN_BOOL_CONVERSION = YES;
				CLANG_WARN_COMMA = YES;
				CLANG_WARN_CONSTANT_CONVERSION = YES;
				CLANG_WARN_DEPRECATED_OBJC_IMPLEMENTATIONS = YES;
				CLANG_WARN_DIRECT_OBJC_ISA_USAGE = YES_ERROR;
				CLANG_WARN_DOCUMENTATION_COMMENTS = YES;
				CLANG_WARN_EMPTY_BODY = YES;
				CLANG_WARN_ENUM_CONVERSION = YES;
				CLANG_WARN_INFINITE_RECURSION = YES;
				CLANG_WARN_INT_CONVERSION = YES;
				CLANG_WARN_NON_LITERAL_NULL_CONVERSION = YES;
				CLANG_WARN_OBJC_IMPLICIT_RETAIN_SELF = YES;
				CLANG_WARN_OBJC_LITERAL_CONVERSION = YES;
				CLANG_WARN_OBJC_ROOT_CLASS = YES_ERROR;
				CLANG_WARN_RANGE_LOOP_ANALYSIS = YES;
				CLANG_WARN_STRICT_PROTOTYPES = YES;
				CLANG_WARN_SUSPICIOUS_MOVE = YES;
				CLANG_WARN_UNGUARDED_AVAILABILITY = YES_AGGRESSIVE;
				CLANG_WARN_UNREACHABLE_CODE = YES;
				CLANG_WARN__DUPLICATE_METHOD_MATCH = YES;
				COPY_PHASE_STRIP = NO;
				DEBUG_INFORMATION_FORMAT = "dwarf-with-dsym";
				ENABLE_NS_ASSERTIONS = NO;
				ENABLE_STRICT_OBJC_MSGSEND = YES;
				GCC_C_LANGUAGE_STANDARD = gnu11;
				GCC_NO_COMMON_BLOCKS = YES;
				GCC_WARN_64_TO_32_BIT_CONVERSION = YES;
				GCC_WARN_ABOUT_RETURN_TYPE = YES_ERROR;
				GCC_WARN_UNDECLARED_SELECTOR = YES;
				GCC_WARN_UNINITIALIZED_AUTOS = YES_AGGRESSIVE;
				GCC_WARN_UNUSED_FUNCTION = YES;
				GCC_WARN_UNUSED_VARIABLE = YES;
				IPHONEOS_DEPLOYMENT_TARGET = 13.2;
				MTL_ENABLE_DEBUG_INFO = NO;
				MTL_FAST_MATH = YES;
				SDKROOT = iphoneos;
				SWIFT_COMPILATION_MODE = wholemodule;
				SWIFT_OPTIMIZATION_LEVEL = "-O";
				VALIDATE_PRODUCT = YES;
			};
			name = Release;
		};
		14A43F9524061B190043F817 /* Debug */ = {
			isa = XCBuildConfiguration;
			buildSettings = {
				ASSETCATALOG_COMPILER_APPICON_NAME = AppIcon;
				CODE_SIGN_STYLE = Automatic;
				INFOPLIST_FILE = Test/Info.plist;
				LD_RUNPATH_SEARCH_PATHS = (
					"$(inherited)",
					"@executable_path/Frameworks",
				);
				PRODUCT_BUNDLE_IDENTIFIER = JN.Test;
				PRODUCT_NAME = "$(TARGET_NAME)";
				SWIFT_VERSION = 5.0;
				TARGETED_DEVICE_FAMILY = "1,2";
			};
			name = Debug;
		};
		14A43F9624061B190043F817 /* Release */ = {
			isa = XCBuildConfiguration;
			buildSettings = {
				ASSETCATALOG_COMPILER_APPICON_NAME = AppIcon;
				CODE_SIGN_STYLE = Automatic;
				INFOPLIST_FILE = Test/Info.plist;
				LD_RUNPATH_SEARCH_PATHS = (
					"$(inherited)",
					"@executable_path/Frameworks",
				);
				PRODUCT_BUNDLE_IDENTIFIER = JN.Test;
				PRODUCT_NAME = "$(TARGET_NAME)";
				SWIFT_VERSION = 5.0;
				TARGETED_DEVICE_FAMILY = "1,2";
			};
			name = Release;
		};
		14A43F9824061B190043F817 /* Debug */ = {
			isa = XCBuildConfiguration;
			buildSettings = {
				ALWAYS_EMBED_SWIFT_STANDARD_LIBRARIES = YES;
				BUNDLE_LOADER = "$(TEST_HOST)";
				CODE_SIGN_STYLE = Automatic;
				INFOPLIST_FILE = TestTests/Info.plist;
				IPHONEOS_DEPLOYMENT_TARGET = 13.2;
				LD_RUNPATH_SEARCH_PATHS = (
					"$(inherited)",
					"@executable_path/Frameworks",
					"@loader_path/Frameworks",
				);
				PRODUCT_BUNDLE_IDENTIFIER = JN.TestTests;
				PRODUCT_NAME = "$(TARGET_NAME)";
				SWIFT_VERSION = 5.0;
				TARGETED_DEVICE_FAMILY = "1,2";
				TEST_HOST = "$(BUILT_PRODUCTS_DIR)/Test.app/Test";
			};
			name = Debug;
		};
		14A43F9924061B190043F817 /* Release */ = {
			isa = XCBuildConfiguration;
			buildSettings = {
				ALWAYS_EMBED_SWIFT_STANDARD_LIBRARIES = YES;
				BUNDLE_LOADER = "$(TEST_HOST)";
				CODE_SIGN_STYLE = Automatic;
				INFOPLIST_FILE = TestTests/Info.plist;
				IPHONEOS_DEPLOYMENT_TARGET = 13.2;
				LD_RUNPATH_SEARCH_PATHS = (
					"$(inherited)",
					"@executable_path/Frameworks",
					"@loader_path/Frameworks",
				);
				PRODUCT_BUNDLE_IDENTIFIER = JN.TestTests;
				PRODUCT_NAME = "$(TARGET_NAME)";
				SWIFT_VERSION = 5.0;
				TARGETED_DEVICE_FAMILY = "1,2";
				TEST_HOST = "$(BUILT_PRODUCTS_DIR)/Test.app/Test";
			};
			name = Release;
		};
		14A43F9B24061B190043F817 /* Debug */ = {
			isa = XCBuildConfiguration;
			buildSettings = {
				ALWAYS_EMBED_SWIFT_STANDARD_LIBRARIES = YES;
				CODE_SIGN_STYLE = Automatic;
				INFOPLIST_FILE = TestUITests/Info.plist;
				LD_RUNPATH_SEARCH_PATHS = (
					"$(inherited)",
					"@executable_path/Frameworks",
					"@loader_path/Frameworks",
				);
				PRODUCT_BUNDLE_IDENTIFIER = JN.TestUITests;
				PRODUCT_NAME = "$(TARGET_NAME)";
				SWIFT_VERSION = 5.0;
				TARGETED_DEVICE_FAMILY = "1,2";
				TEST_TARGET_NAME = Test;
			};
			name = Debug;
		};
		14A43F9C24061B190043F817 /* Release */ = {
			isa = XCBuildConfiguration;
			buildSettings = {
				ALWAYS_EMBED_SWIFT_STANDARD_LIBRARIES = YES;
				CODE_SIGN_STYLE = Automatic;
				INFOPLIST_FILE = TestUITests/Info.plist;
				LD_RUNPATH_SEARCH_PATHS = (
					"$(inherited)",
					"@executable_path/Frameworks",
					"@loader_path/Frameworks",
				);
				PRODUCT_BUNDLE_IDENTIFIER = JN.TestUITests;
				PRODUCT_NAME = "$(TARGET_NAME)";
				SWIFT_VERSION = 5.0;
				TARGETED_DEVICE_FAMILY = "1,2";
				TEST_TARGET_NAME = Test;
			};
			name = Release;
		};
/* End XCBuildConfiguration section */

/* Begin XCConfigurationList section */
		14A43F6524061B170043F817 /* Build configuration list for PBXProject "Test" */ = {
			isa = XCConfigurationList;
			buildConfigurations = (
				14A43F9224061B190043F817 /* Debug */,
				14A43F9324061B190043F817 /* Release */,
			);
			defaultConfigurationIsVisible = 0;
			defaultConfigurationName = Release;
		};
		14A43F9424061B190043F817 /* Build configuration list for PBXNativeTarget "Test" */ = {
			isa = XCConfigurationList;
			buildConfigurations = (
				14A43F9524061B190043F817 /* Debug */,
				14A43F9624061B190043F817 /* Release */,
			);
			defaultConfigurationIsVisible = 0;
			defaultConfigurationName = Release;
		};
		14A43F9724061B190043F817 /* Build configuration list for PBXNativeTarget "TestTests" */ = {
			isa = XCConfigurationList;
			buildConfigurations = (
				14A43F9824061B190043F817 /* Debug */,
				14A43F9924061B190043F817 /* Release */,
			);
			defaultConfigurationIsVisible = 0;
			defaultConfigurationName = Release;
		};
		14A43F9A24061B190043F817 /* Build configuration list for PBXNativeTarget "TestUITests" */ = {
			isa = XCConfigurationList;
			buildConfigurations = (
				14A43F9B24061B190043F817 /* Debug */,
				14A43F9C24061B190043F817 /* Release */,
			);
			defaultConfigurationIsVisible = 0;
			defaultConfigurationName = Release;
		};
/* End XCConfigurationList section */
	};
	rootObject = 14A43F6224061B170043F817 /* Project object */;
}
